
Microsoft Visual Studio Solution File, Format Version 12.00
# Visual Studio Version 16
VisualStudioVersion = 16.0.30804.86
MinimumVisualStudioVersion = 10.0.40219.1
Project("{FAE04EC0-301F-11D3-BF4B-00C04F79EFBC}") = "shope", "shope\shope.csproj", "{1292A392-59C2-4932-B66B-CE35EC2855DA}"
EndProject
Global
	GlobalSection(SolutionConfigurationPlatforms) = preSolution
		Debug|Any CPU = Debug|Any CPU
		Release|Any CPU = Release|Any CPU
	EndGlobalSection
	GlobalSection(ProjectConfigurationPlatforms) = postSolution
		{1292A392-59C2-4932-B66B-CE35EC2855DA}.Debug|Any CPU.ActiveCfg = Debug|Any CPU
		{1292A392-59C2-4932-B66B-CE35EC2855DA}.Debug|Any CPU.Build.0 = Debug|Any CPU
		{1292A392-59C2-4932-B66B-CE35EC2855DA}.Release|Any CPU.ActiveCfg = Release|Any CPU
		{1292A392-59C2-4932-B66B-CE35EC2855DA}.Release|Any CPU.Build.0 = Release|Any CPU
	EndGlobalSection
	GlobalSection(SolutionProperties) = preSolution
		HideSolutionNode = FALSE
	EndGlobalSection
	GlobalSection(ExtensibilityGlobals) = postSolution
		SolutionGuid = {A473AC6A-D554-4EFC-8B93-E95190E4D1B4}
	EndGlobalSection
EndGlobal
